
Microsoft Visual Studio Solution File, Format Version 12.00
# Visual Studio Version 17
VisualStudioVersion = 17.9.34714.143
MinimumVisualStudioVersion = 10.0.40219.1
Project("{8BC9CEB8-8B4A-11D0-8D11-00A0C91BC942}") = "Lab1Task3", "Lab1Task3\Lab1Task3.vcxproj", "{0A3E3A79-EE75-471D-BEEF-9E4A547A9DAB}"
EndProject
Project("{8BC9CEB8-8B4A-11D0-8D11-00A0C91BC942}") = "Lab1Task4", "Lab1Task4\Lab1Task4.vcxproj", "{34F6AEDC-BA92-4227-9D39-108C088BBDE5}"
EndProject
Project("{8BC9CEB8-8B4A-11D0-8D11-00A0C91BC942}") = "Homework1", "Homework1\Homework1.vcxproj", "{6B99D44C-A83F-48C5-B578-8E1423BADE4E}"
EndProject
Project("{8BC9CEB8-8B4A-11D0-8D11-00A0C91BC942}") = "Lab1Task1", "Lab1Task1\Lab1Task1.vcxproj", "{4E52D993-B9C5-4830-AC11-97CE48175192}"
EndProject
Project("{8BC9CEB8-8B4A-11D0-8D11-00A0C91BC942}") = "HWLab3", "HWLab3\HWLab3.vcxproj", "{86BF7B28-95B9-40F0-BA0A-928EBBC9B84B}"
EndProject
Project("{8BC9CEB8-8B4A-11D0-8D11-00A0C91BC942}") = "Lab4", "Lab4\Lab4.vcxproj", "{01736CE8-714F-436E-BF95-CF5DFFF526DE}"
EndProject
Project("{8BC9CEB8-8B4A-11D0-8D11-00A0C91BC942}") = "HWLab4", "HWLab4\HWLab4.vcxproj", "{D0F75C33-EBEE-4546-BC79-4110D69A5219}"
EndProject
Project("{8BC9CEB8-8B4A-11D0-8D11-00A0C91BC942}") = "Lab5", "Laba5\Laba5.vcxproj", "{75FEFCE9-971E-449B-9CA7-B3AA79C0B512}"
EndProject
Project("{8BC9CEB8-8B4A-11D0-8D11-00A0C91BC942}") = "HWLab5", "HWLab5\HWLab5.vcxproj", "{78B6920B-33D4-4DC8-97B5-0AF7C3FC02F8}"
EndProject
Project("{8BC9CEB8-8B4A-11D0-8D11-00A0C91BC942}") = "Lab6", "Lab6\Lab6.vcxproj", "{FDE3806C-9A0F-4341-9076-A1B75A0670B3}"
EndProject
Project("{8BC9CEB8-8B4A-11D0-8D11-00A0C91BC942}") = "HWLab6", "HWLab6\HWLab6.vcxproj", "{F7B6D95E-BA53-47D9-A0C0-57572D4FC6B7}"
EndProject
Project("{8BC9CEB8-8B4A-11D0-8D11-00A0C91BC942}") = "Lab7", "Lab7\Lab7.vcxproj", "{F2177643-F3F8-4967-8F9F-BF1DFC359FEF}"
EndProject
Project("{8BC9CEB8-8B4A-11D0-8D11-00A0C91BC942}") = "HWLab7", "HWLab7\HWLab7.vcxproj", "{82859D1E-E7F4-4626-9753-C3EF1C5CC30E}"
EndProject
Project("{8BC9CEB8-8B4A-11D0-8D11-00A0C91BC942}") = "Lab8", "Lab8\Lab8.vcxproj", "{9D64136D-AB3C-449F-8AA8-D6A3F8EF864C}"
EndProject
Global
	GlobalSection(SolutionConfigurationPlatforms) = preSolution
		Debug|x64 = Debug|x64
		Debug|x86 = Debug|x86
		Release|x64 = Release|x64
		Release|x86 = Release|x86
	EndGlobalSection
	GlobalSection(ProjectConfigurationPlatforms) = postSolution
		{0A3E3A79-EE75-471D-BEEF-9E4A547A9DAB}.Debug|x64.ActiveCfg = Debug|x64
		{0A3E3A79-EE75-471D-BEEF-9E4A547A9DAB}.Debug|x64.Build.0 = Debug|x64
		{0A3E3A79-EE75-471D-BEEF-9E4A547A9DAB}.Debug|x86.ActiveCfg = Debug|Win32
		{0A3E3A79-EE75-471D-BEEF-9E4A547A9DAB}.Debug|x86.Build.0 = Debug|Win32
		{0A3E3A79-EE75-471D-BEEF-9E4A547A9DAB}.Release|x64.ActiveCfg = Release|x64
		{0A3E3A79-EE75-471D-BEEF-9E4A547A9DAB}.Release|x64.Build.0 = Release|x64
		{0A3E3A79-EE75-471D-BEEF-9E4A547A9DAB}.Release|x86.ActiveCfg = Release|Win32
		{0A3E3A79-EE75-471D-BEEF-9E4A547A9DAB}.Release|x86.Build.0 = Release|Win32
		{34F6AEDC-BA92-4227-9D39-108C088BBDE5}.Debug|x64.ActiveCfg = Debug|x64
		{34F6AEDC-BA92-4227-9D39-108C088BBDE5}.Debug|x64.Build.0 = Debug|x64
		{34F6AEDC-BA92-4227-9D39-108C088BBDE5}.Debug|x86.ActiveCfg = Debug|Win32
		{34F6AEDC-BA92-4227-9D39-108C088BBDE5}.Debug|x86.Build.0 = Debug|Win32
		{34F6AEDC-BA92-4227-9D39-108C088BBDE5}.Release|x64.ActiveCfg = Release|x64
		{34F6AEDC-BA92-4227-9D39-108C088BBDE5}.Release|x64.Build.0 = Release|x64
		{34F6AEDC-BA92-4227-9D39-108C088BBDE5}.Release|x86.ActiveCfg = Release|Win32
		{34F6AEDC-BA92-4227-9D39-108C088BBDE5}.Release|x86.Build.0 = Release|Win32
		{6B99D44C-A83F-48C5-B578-8E1423BADE4E}.Debug|x64.ActiveCfg = Debug|x64
		{6B99D44C-A83F-48C5-B578-8E1423BADE4E}.Debug|x64.Build.0 = Debug|x64
		{6B99D44C-A83F-48C5-B578-8E1423BADE4E}.Debug|x86.ActiveCfg = Debug|Win32
		{6B99D44C-A83F-48C5-B578-8E1423BADE4E}.Debug|x86.Build.0 = Debug|Win32
		{6B99D44C-A83F-48C5-B578-8E1423BADE4E}.Release|x64.ActiveCfg = Release|x64
		{6B99D44C-A83F-48C5-B578-8E1423BADE4E}.Release|x64.Build.0 = Release|x64
		{6B99D44C-A83F-48C5-B578-8E1423BADE4E}.Release|x86.ActiveCfg = Release|Win32
		{6B99D44C-A83F-48C5-B578-8E1423BADE4E}.Release|x86.Build.0 = Release|Win32
		{4E52D993-B9C5-4830-AC11-97CE48175192}.Debug|x64.ActiveCfg = Debug|x64
		{4E52D993-B9C5-4830-AC11-97CE48175192}.Debug|x64.Build.0 = Debug|x64
		{4E52D993-B9C5-4830-AC11-97CE48175192}.Debug|x86.ActiveCfg = Debug|Win32
		{4E52D993-B9C5-4830-AC11-97CE48175192}.Debug|x86.Build.0 = Debug|Win32
		{4E52D993-B9C5-4830-AC11-97CE48175192}.Release|x64.ActiveCfg = Release|x64
		{4E52D993-B9C5-4830-AC11-97CE48175192}.Release|x64.Build.0 = Release|x64
		{4E52D993-B9C5-4830-AC11-97CE48175192}.Release|x86.ActiveCfg = Release|Win32
		{4E52D993-B9C5-4830-AC11-97CE48175192}.Release|x86.Build.0 = Release|Win32
		{86BF7B28-95B9-40F0-BA0A-928EBBC9B84B}.Debug|x64.ActiveCfg = Debug|x64
		{86BF7B28-95B9-40F0-BA0A-928EBBC9B84B}.Debug|x64.Build.0 = Debug|x64
		{86BF7B28-95B9-40F0-BA0A-928EBBC9B84B}.Debug|x86.ActiveCfg = Debug|Win32
		{86BF7B28-95B9-40F0-BA0A-928EBBC9B84B}.Debug|x86.Build.0 = Debug|Win32
		{86BF7B28-95B9-40F0-BA0A-928EBBC9B84B}.Release|x64.ActiveCfg = Release|x64
		{86BF7B28-95B9-40F0-BA0A-928EBBC9B84B}.Release|x64.Build.0 = Release|x64
		{86BF7B28-95B9-40F0-BA0A-928EBBC9B84B}.Release|x86.ActiveCfg = Release|Win32
		{86BF7B28-95B9-40F0-BA0A-928EBBC9B84B}.Release|x86.Build.0 = Release|Win32
		{01736CE8-714F-436E-BF95-CF5DFFF526DE}.Debug|x64.ActiveCfg = Debug|x64
		{01736CE8-714F-436E-BF95-CF5DFFF526DE}.Debug|x64.Build.0 = Debug|x64
		{01736CE8-714F-436E-BF95-CF5DFFF526DE}.Debug|x86.ActiveCfg = Debug|Win32
		{01736CE8-714F-436E-BF95-CF5DFFF526DE}.Debug|x86.Build.0 = Debug|Win32
		{01736CE8-714F-436E-BF95-CF5DFFF526DE}.Release|x64.ActiveCfg = Release|x64
		{01736CE8-714F-436E-BF95-CF5DFFF526DE}.Release|x64.Build.0 = Release|x64
		{01736CE8-714F-436E-BF95-CF5DFFF526DE}.Release|x86.ActiveCfg = Release|Win32
		{01736CE8-714F-436E-BF95-CF5DFFF526DE}.Release|x86.Build.0 = Release|Win32
		{D0F75C33-EBEE-4546-BC79-4110D69A5219}.Debug|x64.ActiveCfg = Debug|x64
		{D0F75C33-EBEE-4546-BC79-4110D69A5219}.Debug|x64.Build.0 = Debug|x64
		{D0F75C33-EBEE-4546-BC79-4110D69A5219}.Debug|x86.ActiveCfg = Debug|Win32
		{D0F75C33-EBEE-4546-BC79-4110D69A5219}.Debug|x86.Build.0 = Debug|Win32
		{D0F75C33-EBEE-4546-BC79-4110D69A5219}.Release|x64.ActiveCfg = Release|x64
		{D0F75C33-EBEE-4546-BC79-4110D69A5219}.Release|x64.Build.0 = Release|x64
		{D0F75C33-EBEE-4546-BC79-4110D69A5219}.Release|x86.ActiveCfg = Release|Win32
		{D0F75C33-EBEE-4546-BC79-4110D69A5219}.Release|x86.Build.0 = Release|Win32
		{75FEFCE9-971E-449B-9CA7-B3AA79C0B512}.Debug|x64.ActiveCfg = Debug|x64
		{75FEFCE9-971E-449B-9CA7-B3AA79C0B512}.Debug|x64.Build.0 = Debug|x64
		{75FEFCE9-971E-449B-9CA7-B3AA79C0B512}.Debug|x86.ActiveCfg = Debug|Win32
		{75FEFCE9-971E-449B-9CA7-B3AA79C0B512}.Debug|x86.Build.0 = Debug|Win32
		{75FEFCE9-971E-449B-9CA7-B3AA79C0B512}.Release|x64.ActiveCfg = Release|x64
		{75FEFCE9-971E-449B-9CA7-B3AA79C0B512}.Release|x64.Build.0 = Release|x64
		{75FEFCE9-971E-449B-9CA7-B3AA79C0B512}.Release|x86.ActiveCfg = Release|Win32
		{75FEFCE9-971E-449B-9CA7-B3AA79C0B512}.Release|x86.Build.0 = Release|Win32
		{78B6920B-33D4-4DC8-97B5-0AF7C3FC02F8}.Debug|x64.ActiveCfg = Debug|x64
		{78B6920B-33D4-4DC8-97B5-0AF7C3FC02F8}.Debug|x64.Build.0 = Debug|x64
		{78B6920B-33D4-4DC8-97B5-0AF7C3FC02F8}.Debug|x86.ActiveCfg = Debug|Win32
		{78B6920B-33D4-4DC8-97B5-0AF7C3FC02F8}.Debug|x86.Build.0 = Debug|Win32
		{78B6920B-33D4-4DC8-97B5-0AF7C3FC02F8}.Release|x64.ActiveCfg = Release|x64
		{78B6920B-33D4-4DC8-97B5-0AF7C3FC02F8}.Release|x64.Build.0 = Release|x64
		{78B6920B-33D4-4DC8-97B5-0AF7C3FC02F8}.Release|x86.ActiveCfg = Release|Win32
		{78B6920B-33D4-4DC8-97B5-0AF7C3FC02F8}.Release|x86.Build.0 = Release|Win32
		{FDE3806C-9A0F-4341-9076-A1B75A0670B3}.Debug|x64.ActiveCfg = Debug|x64
		{FDE3806C-9A0F-4341-9076-A1B75A0670B3}.Debug|x64.Build.0 = Debug|x64
		{FDE3806C-9A0F-4341-9076-A1B75A0670B3}.Debug|x86.ActiveCfg = Debug|Win32
		{FDE3806C-9A0F-4341-9076-A1B75A0670B3}.Debug|x86.Build.0 = Debug|Win32
		{FDE3806C-9A0F-4341-9076-A1B75A0670B3}.Release|x64.ActiveCfg = Release|x64
		{FDE3806C-9A0F-4341-9076-A1B75A0670B3}.Release|x64.Build.0 = Release|x64
		{FDE3806C-9A0F-4341-9076-A1B75A0670B3}.Release|x86.ActiveCfg = Release|Win32
		{FDE3806C-9A0F-4341-9076-A1B75A0670B3}.Release|x86.Build.0 = Release|Win32
		{F7B6D95E-BA53-47D9-A0C0-57572D4FC6B7}.Debug|x64.ActiveCfg = Debug|x64
		{F7B6D95E-BA53-47D9-A0C0-57572D4FC6B7}.Debug|x64.Build.0 = Debug|x64
		{F7B6D95E-BA53-47D9-A0C0-57572D4FC6B7}.Debug|x86.ActiveCfg = Debug|Win32
		{F7B6D95E-BA53-47D9-A0C0-57572D4FC6B7}.Debug|x86.Build.0 = Debug|Win32
		{F7B6D95E-BA53-47D9-A0C0-57572D4FC6B7}.Release|x64.ActiveCfg = Release|x64
		{F7B6D95E-BA53-47D9-A0C0-57572D4FC6B7}.Release|x64.Build.0 = Release|x64
		{F7B6D95E-BA53-47D9-A0C0-57572D4FC6B7}.Release|x86.ActiveCfg = Release|Win32
		{F7B6D95E-BA53-47D9-A0C0-57572D4FC6B7}.Release|x86.Build.0 = Release|Win32
		{F2177643-F3F8-4967-8F9F-BF1DFC359FEF}.Debug|x64.ActiveCfg = Debug|x64
		{F2177643-F3F8-4967-8F9F-BF1DFC359FEF}.Debug|x64.Build.0 = Debug|x64
		{F2177643-F3F8-4967-8F9F-BF1DFC359FEF}.Debug|x86.ActiveCfg = Debug|Win32
		{F2177643-F3F8-4967-8F9F-BF1DFC359FEF}.Debug|x86.Build.0 = Debug|Win32
		{F2177643-F3F8-4967-8F9F-BF1DFC359FEF}.Release|x64.ActiveCfg = Release|x64
		{F2177643-F3F8-4967-8F9F-BF1DFC359FEF}.Release|x64.Build.0 = Release|x64
		{F2177643-F3F8-4967-8F9F-BF1DFC359FEF}.Release|x86.ActiveCfg = Release|Win32
		{F2177643-F3F8-4967-8F9F-BF1DFC359FEF}.Release|x86.Build.0 = Release|Win32
		{82859D1E-E7F4-4626-9753-C3EF1C5CC30E}.Debug|x64.ActiveCfg = Debug|x64
		{82859D1E-E7F4-4626-9753-C3EF1C5CC30E}.Debug|x64.Build.0 = Debug|x64
		{82859D1E-E7F4-4626-9753-C3EF1C5CC30E}.Debug|x86.ActiveCfg = Debug|Win32
		{82859D1E-E7F4-4626-9753-C3EF1C5CC30E}.Debug|x86.Build.0 = Debug|Win32
		{82859D1E-E7F4-4626-9753-C3EF1C5CC30E}.Release|x64.ActiveCfg = Release|x64
		{82859D1E-E7F4-4626-9753-C3EF1C5CC30E}.Release|x64.Build.0 = Release|x64
		{82859D1E-E7F4-4626-9753-C3EF1C5CC30E}.Release|x86.ActiveCfg = Release|Win32
		{82859D1E-E7F4-4626-9753-C3EF1C5CC30E}.Release|x86.Build.0 = Release|Win32
		{9D64136D-AB3C-449F-8AA8-D6A3F8EF864C}.Debug|x64.ActiveCfg = Debug|x64
		{9D64136D-AB3C-449F-8AA8-D6A3F8EF864C}.Debug|x64.Build.0 = Debug|x64
		{9D64136D-AB3C-449F-8AA8-D6A3F8EF864C}.Debug|x86.ActiveCfg = Debug|Win32
		{9D64136D-AB3C-449F-8AA8-D6A3F8EF864C}.Debug|x86.Build.0 = Debug|Win32
		{9D64136D-AB3C-449F-8AA8-D6A3F8EF864C}.Release|x64.ActiveCfg = Release|x64
		{9D64136D-AB3C-449F-8AA8-D6A3F8EF864C}.Release|x64.Build.0 = Release|x64
		{9D64136D-AB3C-449F-8AA8-D6A3F8EF864C}.Release|x86.ActiveCfg = Release|Win32
		{9D64136D-AB3C-449F-8AA8-D6A3F8EF864C}.Release|x86.Build.0 = Release|Win32
	EndGlobalSection
	GlobalSection(SolutionProperties) = preSolution
		HideSolutionNode = FALSE
	EndGlobalSection
	GlobalSection(ExtensibilityGlobals) = postSolution
		SolutionGuid = {5B3A2B2B-C463-4A13-8145-652D9863F2C0}
	EndGlobalSection
EndGlobal
